
Microsoft Visual Studio Solution File, Format Version 11.00
# Visual Studio 2010
Project("{8BC9CEB8-8B4A-11D0-8D11-00A0C91BC942}") = "CavHexagonales", "CavHexagonales\CavHexagonales.vcxproj", "{FB07EEE7-6FB1-D5AF-7C34-04EEEE37D9ED}"
EndProject
Project("{8BC9CEB8-8B4A-11D0-8D11-00A0C91BC942}") = "Cúbicas", "Cúbicas\Cúbicas.vcxproj", "{58507376-2EE6-368F-BC8F-AFCAD89EA828}"
EndProject
Project("{8BC9CEB8-8B4A-11D0-8D11-00A0C91BC942}") = "CúbicasTotal", "CúbicasTotal\CúbicasTotal.vcxproj", "{F5B9E147-4A29-5531-6380-0AC502B7CDFC}"
EndProject
Project("{8BC9CEB8-8B4A-11D0-8D11-00A0C91BC942}") = "Minicuad", "Minicuad\Minicuad.vcxproj", "{2105F02F-3E1B-7786-6DD9-B675F83023A1}"
EndProject
Global
	GlobalSection(SolutionConfigurationPlatforms) = preSolution
		Debug|Win32 = Debug|Win32
		Release|Win32 = Release|Win32
		Template|Win32 = Template|Win32
	EndGlobalSection
	GlobalSection(ProjectConfigurationPlatforms) = postSolution
		{FB07EEE7-6FB1-D5AF-7C34-04EEEE37D9ED}.Debug|Win32.ActiveCfg = Debug|Win32
		{FB07EEE7-6FB1-D5AF-7C34-04EEEE37D9ED}.Debug|Win32.Build.0 = Debug|Win32
		{FB07EEE7-6FB1-D5AF-7C34-04EEEE37D9ED}.Release|Win32.ActiveCfg = Release|Win32
		{FB07EEE7-6FB1-D5AF-7C34-04EEEE37D9ED}.Release|Win32.Build.0 = Release|Win32
		{FB07EEE7-6FB1-D5AF-7C34-04EEEE37D9ED}.Template|Win32.ActiveCfg = Release|Win32
		{FB07EEE7-6FB1-D5AF-7C34-04EEEE37D9ED}.Template|Win32.Build.0 = Release|Win32
		{58507376-2EE6-368F-BC8F-AFCAD89EA828}.Debug|Win32.ActiveCfg = Debug|Win32
		{58507376-2EE6-368F-BC8F-AFCAD89EA828}.Debug|Win32.Build.0 = Debug|Win32
		{58507376-2EE6-368F-BC8F-AFCAD89EA828}.Release|Win32.ActiveCfg = Release|Win32
		{58507376-2EE6-368F-BC8F-AFCAD89EA828}.Release|Win32.Build.0 = Release|Win32
		{58507376-2EE6-368F-BC8F-AFCAD89EA828}.Template|Win32.ActiveCfg = Template|Win32
		{58507376-2EE6-368F-BC8F-AFCAD89EA828}.Template|Win32.Build.0 = Template|Win32
		{F5B9E147-4A29-5531-6380-0AC502B7CDFC}.Debug|Win32.ActiveCfg = Debug|Win32
		{F5B9E147-4A29-5531-6380-0AC502B7CDFC}.Debug|Win32.Build.0 = Debug|Win32
		{F5B9E147-4A29-5531-6380-0AC502B7CDFC}.Release|Win32.ActiveCfg = Release|Win32
		{F5B9E147-4A29-5531-6380-0AC502B7CDFC}.Release|Win32.Build.0 = Release|Win32
		{F5B9E147-4A29-5531-6380-0AC502B7CDFC}.Template|Win32.ActiveCfg = Template|Win32
		{F5B9E147-4A29-5531-6380-0AC502B7CDFC}.Template|Win32.Build.0 = Template|Win32
		{2105F02F-3E1B-7786-6DD9-B675F83023A1}.Debug|Win32.ActiveCfg = Debug|Win32
		{2105F02F-3E1B-7786-6DD9-B675F83023A1}.Debug|Win32.Build.0 = Debug|Win32
		{2105F02F-3E1B-7786-6DD9-B675F83023A1}.Release|Win32.ActiveCfg = Release|Win32
		{2105F02F-3E1B-7786-6DD9-B675F83023A1}.Release|Win32.Build.0 = Release|Win32
		{2105F02F-3E1B-7786-6DD9-B675F83023A1}.Template|Win32.ActiveCfg = Template|Win32
		{2105F02F-3E1B-7786-6DD9-B675F83023A1}.Template|Win32.Build.0 = Template|Win32
	EndGlobalSection
	GlobalSection(SolutionProperties) = preSolution
		HideSolutionNode = FALSE
	EndGlobalSection
EndGlobal
